{
  "object": {
    "pins": [
      {
        "package": "Math",
        "repositoryURL": "https://github.com/dn-m/Math",
        "state": {
          "branch": null,
          "revision": "044605330704860849ecebbe63d7c8854bc0c42e",
          "version": "0.4.0"
        }
      },
      {
        "package": "PerformanceTesting",
        "repositoryURL": "https://github.com/dn-m/PerformanceTesting",
        "state": {
          "branch": null,
          "revision": "d48417c837b1a029dd9567dfa7b5ee3cfa9a0ec7",
          "version": "0.3.0"
        }
      },
      {
        "package": "Structure",
        "repositoryURL": "https://github.com/dn-m/Structure",
        "state": {
          "branch": null,
          "revision": "ec0c57807165e1d66a7dc74fb1c768b22ccfd209",
          "version": "0.9.0"
        }
      }
    ]
  },
  "version": 1
}
