{
  "object": {
    "pins": [
      {
        "package": "Math",
        "repositoryURL": "https://github.com/dn-m/Math",
        "state": {
          "branch": null,
          "revision": "519c7e3128e80fbfd43d7cc0c0947b86d423db8a",
          "version": "0.8.0"
        }
      },
      {
        "package": "PerformanceTesting",
        "repositoryURL": "https://github.com/dn-m/PerformanceTesting",
        "state": {
          "branch": null,
          "revision": "7c73a60c4b69b981ac3dd4015cc26cea0e45c8c7",
          "version": "0.4.0"
        }
      },
      {
        "package": "Structure",
        "repositoryURL": "https://github.com/dn-m/Structure",
        "state": {
          "branch": null,
          "revision": "34b09ec3d34648a5f409457b7c7ee7bab6ca78bd",
          "version": "0.25.0"
        }
      }
    ]
  },
  "version": 1
}
