{
  "object": {
    "pins": [
      {
        "package": "Math",
        "repositoryURL": "https://github.com/dn-m/Math",
        "state": {
          "branch": null,
          "revision": "075ebb5a934251ed7acbe4feace925ed7e322d0f",
          "version": "0.6.0"
        }
      },
      {
        "package": "PerformanceTesting",
        "repositoryURL": "https://github.com/dn-m/PerformanceTesting",
        "state": {
          "branch": null,
          "revision": "d48417c837b1a029dd9567dfa7b5ee3cfa9a0ec7",
          "version": "0.3.0"
        }
      },
      {
        "package": "Structure",
        "repositoryURL": "https://github.com/dn-m/Structure",
        "state": {
          "branch": null,
          "revision": "11e920b1b883fe169c5ebb58e6489c0f28e9ad90",
          "version": "0.20.0"
        }
      }
    ]
  },
  "version": 1
}
